
Microsoft Visual Studio Solution File, Format Version 12.00
# Visual Studio Version 17
VisualStudioVersion = 17.14.36414.22 d17.14
MinimumVisualStudioVersion = 10.0.40219.1
Project("{FAE04EC0-301F-11D3-BF4B-00C04F79EFBC}") = "TestProject", "TestProject.csproj", "{B0A7F20B-C4BF-45FD-92B8-F270D42C92D4}"
EndProject
Global
	GlobalSection(SolutionConfigurationPlatforms) = preSolution
		Debug|Any CPU = Debug|Any CPU
		Release|Any CPU = Release|Any CPU
	EndGlobalSection
	GlobalSection(ProjectConfigurationPlatforms) = postSolution
		{B0A7F20B-C4BF-45FD-92B8-F270D42C92D4}.Debug|Any CPU.ActiveCfg = Debug|Any CPU
		{B0A7F20B-C4BF-45FD-92B8-F270D42C92D4}.Debug|Any CPU.Build.0 = Debug|Any CPU
		{B0A7F20B-C4BF-45FD-92B8-F270D42C92D4}.Release|Any CPU.ActiveCfg = Release|Any CPU
		{B0A7F20B-C4BF-45FD-92B8-F270D42C92D4}.Release|Any CPU.Build.0 = Release|Any CPU
	EndGlobalSection
	GlobalSection(SolutionProperties) = preSolution
		HideSolutionNode = FALSE
	EndGlobalSection
	GlobalSection(ExtensibilityGlobals) = postSolution
		SolutionGuid = {A093A873-1B02-467E-9355-E54C3EA33B93}
	EndGlobalSection
EndGlobal
